
Microsoft Visual Studio Solution File, Format Version 12.00
# Visual Studio 15
VisualStudioVersion = 15.0.27703.1
MinimumVisualStudioVersion = 10.0.40219.1
Project("{FAE04EC0-301F-11D3-BF4B-00C04F79EFBC}") = "ManagementShopDB", "ManagementShopDB\ManagementShopDB.csproj", "{B3579615-328A-4569-8C0B-FA427928E97B}"
EndProject
Global
	GlobalSection(SolutionConfigurationPlatforms) = preSolution
		Debug|Any CPU = Debug|Any CPU
		Release|Any CPU = Release|Any CPU
	EndGlobalSection
	GlobalSection(ProjectConfigurationPlatforms) = postSolution
		{B3579615-328A-4569-8C0B-FA427928E97B}.Debug|Any CPU.ActiveCfg = Debug|Any CPU
		{B3579615-328A-4569-8C0B-FA427928E97B}.Debug|Any CPU.Build.0 = Debug|Any CPU
		{B3579615-328A-4569-8C0B-FA427928E97B}.Release|Any CPU.ActiveCfg = Release|Any CPU
		{B3579615-328A-4569-8C0B-FA427928E97B}.Release|Any CPU.Build.0 = Release|Any CPU
	EndGlobalSection
	GlobalSection(SolutionProperties) = preSolution
		HideSolutionNode = FALSE
	EndGlobalSection
	GlobalSection(ExtensibilityGlobals) = postSolution
		SolutionGuid = {5CEB2CC9-EDCE-49C6-BEE6-FE097CBB03F2}
	EndGlobalSection
EndGlobal
